// !$*UTF8*$!
{
	archiveVersion = 1;
	classes = {
	};
	objectVersion = 50;
	objects = {

/* Begin PBXBuildFile section */
		F252BC2723D6D2C10046E581 /* sort_Icon.png in Resources */ = {isa = PBXBuildFile; fileRef = F252BC2623D6D2C10046E581 /* sort_Icon.png */; };
		F2E0D8C723D4DFB4009B2ABF /* AppDelegate.swift in Sources */ = {isa = PBXBuildFile; fileRef = F2E0D8C623D4DFB4009B2ABF /* AppDelegate.swift */; };
		F2E0D8C923D4DFB4009B2ABF /* SceneDelegate.swift in Sources */ = {isa = PBXBuildFile; fileRef = F2E0D8C823D4DFB4009B2ABF /* SceneDelegate.swift */; };
		F2E0D8CB23D4DFB4009B2ABF /* ViewController.swift in Sources */ = {isa = PBXBuildFile; fileRef = F2E0D8CA23D4DFB4009B2ABF /* ViewController.swift */; };
		F2E0D8CE23D4DFB4009B2ABF /* Main.storyboard in Resources */ = {isa = PBXBuildFile; fileRef = F2E0D8CC23D4DFB4009B2ABF /* Main.storyboard */; };
		F2E0D8D123D4DFB4009B2ABF /* Parth_C0766346_LA2.xcdatamodeld in Sources */ = {isa = PBXBuildFile; fileRef = F2E0D8CF23D4DFB4009B2ABF /* Parth_C0766346_LA2.xcdatamodeld */; };
		F2E0D8D323D4DFB4009B2ABF /* Assets.xcassets in Resources */ = {isa = PBXBuildFile; fileRef = F2E0D8D223D4DFB4009B2ABF /* Assets.xcassets */; };
		F2E0D8D623D4DFB4009B2ABF /* LaunchScreen.storyboard in Resources */ = {isa = PBXBuildFile; fileRef = F2E0D8D423D4DFB4009B2ABF /* LaunchScreen.storyboard */; };
		F2E0D8DE23D5068E009B2ABF /* TaskListTVC.swift in Sources */ = {isa = PBXBuildFile; fileRef = F2E0D8DD23D5068E009B2ABF /* TaskListTVC.swift */; };
/* End PBXBuildFile section */

/* Begin PBXFileReference section */
		F252BC2623D6D2C10046E581 /* sort_Icon.png */ = {isa = PBXFileReference; lastKnownFileType = image.png; path = sort_Icon.png; sourceTree = "<group>"; };
		F2E0D8C323D4DFB4009B2ABF /* Parth_C0766346_LA2.app */ = {isa = PBXFileReference; explicitFileType = wrapper.application; includeInIndex = 0; path = Parth_C0766346_LA2.app; sourceTree = BUILT_PRODUCTS_DIR; };
		F2E0D8C623D4DFB4009B2ABF /* AppDelegate.swift */ = {isa = PBXFileReference; lastKnownFileType = sourcecode.swift; path = AppDelegate.swift; sourceTree = "<group>"; };
		F2E0D8C823D4DFB4009B2ABF /* SceneDelegate.swift */ = {isa = PBXFileReference; lastKnownFileType = sourcecode.swift; path = SceneDelegate.swift; sourceTree = "<group>"; };
		F2E0D8CA23D4DFB4009B2ABF /* ViewController.swift */ = {isa = PBXFileReference; lastKnownFileType = sourcecode.swift; path = ViewController.swift; sourceTree = "<group>"; };
		F2E0D8CD23D4DFB4009B2ABF /* Base */ = {isa = PBXFileReference; lastKnownFileType = file.storyboard; name = Base; path = Base.lproj/Main.storyboard; sourceTree = "<group>"; };
		F2E0D8D023D4DFB4009B2ABF /* Parth_C0766346_LA2.xcdatamodel */ = {isa = PBXFileReference; lastKnownFileType = wrapper.xcdatamodel; path = Parth_C0766346_LA2.xcdatamodel; sourceTree = "<group>"; };
		F2E0D8D223D4DFB4009B2ABF /* Assets.xcassets */ = {isa = PBXFileReference; lastKnownFileType = folder.assetcatalog; path = Assets.xcassets; sourceTree = "<group>"; };
		F2E0D8D523D4DFB4009B2ABF /* Base */ = {isa = PBXFileReference; lastKnownFileType = file.storyboard; name = Base; path = Base.lproj/LaunchScreen.storyboard; sourceTree = "<group>"; };
		F2E0D8D723D4DFB4009B2ABF /* Info.plist */ = {isa = PBXFileReference; lastKnownFileType = text.plist.xml; path = Info.plist; sourceTree = "<group>"; };
		F2E0D8DD23D5068E009B2ABF /* TaskListTVC.swift */ = {isa = PBXFileReference; lastKnownFileType = sourcecode.swift; path = TaskListTVC.swift; sourceTree = "<group>"; };
/* End PBXFileReference section */

/* Begin PBXFrameworksBuildPhase section */
		F2E0D8C023D4DFB4009B2ABF /* Frameworks */ = {
			isa = PBXFrameworksBuildPhase;
			buildActionMask = 2147483647;
			files = (
			);
			runOnlyForDeploymentPostprocessing = 0;
		};
/* End PBXFrameworksBuildPhase section */

/* Begin PBXGroup section */
		F2E0D8BA23D4DFB4009B2ABF = {
			isa = PBXGroup;
			children = (
				F2E0D8C523D4DFB4009B2ABF /* Parth_C0766346_LA2 */,
				F2E0D8C423D4DFB4009B2ABF /* Products */,
			);
			sourceTree = "<group>";
		};
		F2E0D8C423D4DFB4009B2ABF /* Products */ = {
			isa = PBXGroup;
			children = (
				F2E0D8C323D4DFB4009B2ABF /* Parth_C0766346_LA2.app */,
			);
			name = Products;
			sourceTree = "<group>";
		};
		F2E0D8C523D4DFB4009B2ABF /* Parth_C0766346_LA2 */ = {
			isa = PBXGroup;
			children = (
				F252BC2623D6D2C10046E581 /* sort_Icon.png */,
				F2E0D8DF23D50692009B2ABF /* controllers */,
				F2E0D8C623D4DFB4009B2ABF /* AppDelegate.swift */,
				F2E0D8C823D4DFB4009B2ABF /* SceneDelegate.swift */,
				F2E0D8CC23D4DFB4009B2ABF /* Main.storyboard */,
				F2E0D8D223D4DFB4009B2ABF /* Assets.xcassets */,
				F2E0D8D423D4DFB4009B2ABF /* LaunchScreen.storyboard */,
				F2E0D8D723D4DFB4009B2ABF /* Info.plist */,
				F2E0D8CF23D4DFB4009B2ABF /* Parth_C0766346_LA2.xcdatamodeld */,
			);
			path = Parth_C0766346_LA2;
			sourceTree = "<group>";
		};
		F2E0D8DF23D50692009B2ABF /* controllers */ = {
			isa = PBXGroup;
			children = (
				F2E0D8CA23D4DFB4009B2ABF /* ViewController.swift */,
				F2E0D8DD23D5068E009B2ABF /* TaskListTVC.swift */,
			);
			path = controllers;
			sourceTree = "<group>";
		};
/* End PBXGroup section */

/* Begin PBXNativeTarget section */
		F2E0D8C223D4DFB4009B2ABF /* Parth_C0766346_LA2 */ = {
			isa = PBXNativeTarget;
			buildConfigurationList = F2E0D8DA23D4DFB4009B2ABF /* Build configuration list for PBXNativeTarget "Parth_C0766346_LA2" */;
			buildPhases = (
				F2E0D8BF23D4DFB4009B2ABF /* Sources */,
				F2E0D8C023D4DFB4009B2ABF /* Frameworks */,
				F2E0D8C123D4DFB4009B2ABF /* Resources */,
			);
			buildRules = (
			);
			dependencies = (
			);
			name = Parth_C0766346_LA2;
			productName = Parth_C0766346_LA2;
			productReference = F2E0D8C323D4DFB4009B2ABF /* Parth_C0766346_LA2.app */;
			productType = "com.apple.product-type.application";
		};
/* End PBXNativeTarget section */

/* Begin PBXProject section */
		F2E0D8BB23D4DFB4009B2ABF /* Project object */ = {
			isa = PBXProject;
			attributes = {
				LastSwiftUpdateCheck = 1130;
				LastUpgradeCheck = 1130;
				ORGANIZATIONNAME = "Parth Dalwadi";
				TargetAttributes = {
					F2E0D8C223D4DFB4009B2ABF = {
						CreatedOnToolsVersion = 11.3.1;
					};
				};
			};
			buildConfigurationList = F2E0D8BE23D4DFB4009B2ABF /* Build configuration list for PBXProject "Parth_C0766346_LA2" */;
			compatibilityVersion = "Xcode 9.3";
			developmentRegion = en;
			hasScannedForEncodings = 0;
			knownRegions = (
				en,
				Base,
			);
			mainGroup = F2E0D8BA23D4DFB4009B2ABF;
			productRefGroup = F2E0D8C423D4DFB4009B2ABF /* Products */;
			projectDirPath = "";
			projectRoot = "";
			targets = (
				F2E0D8C223D4DFB4009B2ABF /* Parth_C0766346_LA2 */,
			);
		};
/* End PBXProject section */

/* Begin PBXResourcesBuildPhase section */
		F2E0D8C123D4DFB4009B2ABF /* Resources */ = {
			isa = PBXResourcesBuildPhase;
			buildActionMask = 2147483647;
			files = (
				F252BC2723D6D2C10046E581 /* sort_Icon.png in Resources */,
				F2E0D8D623D4DFB4009B2ABF /* LaunchScreen.storyboard in Resources */,
				F2E0D8D323D4DFB4009B2ABF /* Assets.xcassets in Resources */,
				F2E0D8CE23D4DFB4009B2ABF /* Main.storyboard in Resources */,
			);
			runOnlyForDeploymentPostprocessing = 0;
		};
/* End PBXResourcesBuildPhase section */

/* Begin PBXSourcesBuildPhase section */
		F2E0D8BF23D4DFB4009B2ABF /* Sources */ = {
			isa = PBXSourcesBuildPhase;
			buildActionMask = 2147483647;
			files = (
				F2E0D8DE23D5068E009B2ABF /* TaskListTVC.swift in Sources */,
				F2E0D8CB23D4DFB4009B2ABF /* ViewController.swift in Sources */,
				F2E0D8C723D4DFB4009B2ABF /* AppDelegate.swift in Sources */,
				F2E0D8D123D4DFB4009B2ABF /* Parth_C0766346_LA2.xcdatamodeld in Sources */,
				F2E0D8C923D4DFB4009B2ABF /* SceneDelegate.swift in Sources */,
			);
			runOnlyForDeploymentPostprocessing = 0;
		};
/* End PBXSourcesBuildPhase section */

/* Begin PBXVariantGroup section */
		F2E0D8CC23D4DFB4009B2ABF /* Main.storyboard */ = {
			isa = PBXVariantGroup;
			children = (
				F2E0D8CD23D4DFB4009B2ABF /* Base */,
			);
			name = Main.storyboard;
			sourceTree = "<group>";
		};
		F2E0D8D423D4DFB4009B2ABF /* LaunchScreen.storyboard */ = {
			isa = PBXVariantGroup;
			children = (
				F2E0D8D523D4DFB4009B2ABF /* Base */,
			);
			name = LaunchScreen.storyboard;
			sourceTree = "<group>";
		};
/* End PBXVariantGroup section */

/* Begin XCBuildConfiguration section */
		F2E0D8D823D4DFB4009B2ABF /* Debug */ = {
			isa = XCBuildConfiguration;
			buildSettings = {
				ALWAYS_SEARCH_USER_PATHS = NO;
				CLANG_ANALYZER_NONNULL = YES;
				CLANG_ANALYZER_NUMBER_OBJECT_CONVERSION = YES_AGGRESSIVE;
				CLANG_CXX_LANGUAGE_STANDARD = "gnu++14";
				CLANG_CXX_LIBRARY = "libc++";
				CLANG_ENABLE_MODULES = YES;
				CLANG_ENABLE_OBJC_ARC = YES;
				CLANG_ENABLE_OBJC_WEAK = YES;
				CLANG_WARN_BLOCK_CAPTURE_AUTORELEASING = YES;
				CLANG_WARN_BOOL_CONVERSION = YES;
				CLANG_WARN_COMMA = YES;
				CLANG_WARN_CONSTANT_CONVERSION = YES;
				CLANG_WARN_DEPRECATED_OBJC_IMPLEMENTATIONS = YES;
				CLANG_WARN_DIRECT_OBJC_ISA_USAGE = YES_ERROR;
				CLANG_WARN_DOCUMENTATION_COMMENTS = YES;
				CLANG_WARN_EMPTY_BODY = YES;
				CLANG_WARN_ENUM_CONVERSION = YES;
				CLANG_WARN_INFINITE_RECURSION = YES;
				CLANG_WARN_INT_CONVERSION = YES;
				CLANG_WARN_NON_LITERAL_NULL_CONVERSION = YES;
				CLANG_WARN_OBJC_IMPLICIT_RETAIN_SELF = YES;
				CLANG_WARN_OBJC_LITERAL_CONVERSION = YES;
				CLANG_WARN_OBJC_ROOT_CLASS = YES_ERROR;
				CLANG_WARN_RANGE_LOOP_ANALYSIS = YES;
				CLANG_WARN_STRICT_PROTOTYPES = YES;
				CLANG_WARN_SUSPICIOUS_MOVE = YES;
				CLANG_WARN_UNGUARDED_AVAILABILITY = YES_AGGRESSIVE;
				CLANG_WARN_UNREACHABLE_CODE = YES;
				CLANG_WARN__DUPLICATE_METHOD_MATCH = YES;
				COPY_PHASE_STRIP = NO;
				DEBUG_INFORMATION_FORMAT = dwarf;
				ENABLE_STRICT_OBJC_MSGSEND = YES;
				ENABLE_TESTABILITY = YES;
				GCC_C_LANGUAGE_STANDARD = gnu11;
				GCC_DYNAMIC_NO_PIC = NO;
				GCC_NO_COMMON_BLOCKS = YES;
				GCC_OPTIMIZATION_LEVEL = 0;
				GCC_PREPROCESSOR_DEFINITIONS = (
					"DEBUG=1",
					"$(inherited)",
				);
				GCC_WARN_64_TO_32_BIT_CONVERSION = YES;
				GCC_WARN_ABOUT_RETURN_TYPE = YES_ERROR;
				GCC_WARN_UNDECLARED_SELECTOR = YES;
				GCC_WARN_UNINITIALIZED_AUTOS = YES_AGGRESSIVE;
				GCC_WARN_UNUSED_FUNCTION = YES;
				GCC_WARN_UNUSED_VARIABLE = YES;
				IPHONEOS_DEPLOYMENT_TARGET = 13.2;
				MTL_ENABLE_DEBUG_INFO = INCLUDE_SOURCE;
				MTL_FAST_MATH = YES;
				ONLY_ACTIVE_ARCH = YES;
				SDKROOT = iphoneos;
				SWIFT_ACTIVE_COMPILATION_CONDITIONS = DEBUG;
				SWIFT_OPTIMIZATION_LEVEL = "-Onone";
			};
			name = Debug;
		};
		F2E0D8D923D4DFB4009B2ABF /* Release */ = {
			isa = XCBuildConfiguration;
			buildSettings = {
				ALWAYS_SEARCH_USER_PATHS = NO;
				CLANG_ANALYZER_NONNULL = YES;
				CLANG_ANALYZER_NUMBER_OBJECT_CONVERSION = YES_AGGRESSIVE;
				CLANG_CXX_LANGUAGE_STANDARD = "gnu++14";
				CLANG_CXX_LIBRARY = "libc++";
				CLANG_ENABLE_MODULES = YES;
				CLANG_ENABLE_OBJC_ARC = YES;
				CLANG_ENABLE_OBJC_WEAK = YES;
				CLANG_WARN_BLOCK_CAPTURE_AUTORELEASING = YES;
				CLANG_WARN_BOOL_CONVERSION = YES;
				CLANG_WARN_COMMA = YES;
				CLANG_WARN_CONSTANT_CONVERSION = YES;
				CLANG_WARN_DEPRECATED_OBJC_IMPLEMENTATIONS = YES;
				CLANG_WARN_DIRECT_OBJC_ISA_USAGE = YES_ERROR;
				CLANG_WARN_DOCUMENTATION_COMMENTS = YES;
				CLANG_WARN_EMPTY_BODY = YES;
				CLANG_WARN_ENUM_CONVERSION = YES;
				CLANG_WARN_INFINITE_RECURSION = YES;
				CLANG_WARN_INT_CONVERSION = YES;
				CLANG_WARN_NON_LITERAL_NULL_CONVERSION = YES;
				CLANG_WARN_OBJC_IMPLICIT_RETAIN_SELF = YES;
				CLANG_WARN_OBJC_LITERAL_CONVERSION = YES;
				CLANG_WARN_OBJC_ROOT_CLASS = YES_ERROR;
				CLANG_WARN_RANGE_LOOP_ANALYSIS = YES;
				CLANG_WARN_STRICT_PROTOTYPES = YES;
				CLANG_WARN_SUSPICIOUS_MOVE = YES;
				CLANG_WARN_UNGUARDED_AVAILABILITY = YES_AGGRESSIVE;
				CLANG_WARN_UNREACHABLE_CODE = YES;
				CLANG_WARN__DUPLICATE_METHOD_MATCH = YES;
				COPY_PHASE_STRIP = NO;
				DEBUG_INFORMATION_FORMAT = "dwarf-with-dsym";
				ENABLE_NS_ASSERTIONS = NO;
				ENABLE_STRICT_OBJC_MSGSEND = YES;
				GCC_C_LANGUAGE_STANDARD = gnu11;
				GCC_NO_COMMON_BLOCKS = YES;
				GCC_WARN_64_TO_32_BIT_CONVERSION = YES;
				GCC_WARN_ABOUT_RETURN_TYPE = YES_ERROR;
				GCC_WARN_UNDECLARED_SELECTOR = YES;
				GCC_WARN_UNINITIALIZED_AUTOS = YES_AGGRESSIVE;
				GCC_WARN_UNUSED_FUNCTION = YES;
				GCC_WARN_UNUSED_VARIABLE = YES;
				IPHONEOS_DEPLOYMENT_TARGET = 13.2;
				MTL_ENABLE_DEBUG_INFO = NO;
				MTL_FAST_MATH = YES;
				SDKROOT = iphoneos;
				SWIFT_COMPILATION_MODE = wholemodule;
				SWIFT_OPTIMIZATION_LEVEL = "-O";
				VALIDATE_PRODUCT = YES;
			};
			name = Release;
		};
		F2E0D8DB23D4DFB4009B2ABF /* Debug */ = {
			isa = XCBuildConfiguration;
			buildSettings = {
				ASSETCATALOG_COMPILER_APPICON_NAME = AppIcon;
				CODE_SIGN_STYLE = Automatic;
				INFOPLIST_FILE = Parth_C0766346_LA2/Info.plist;
				LD_RUNPATH_SEARCH_PATHS = (
					"$(inherited)",
					"@executable_path/Frameworks",
				);
				PRODUCT_BUNDLE_IDENTIFIER = "LCIN.Parth-C0766346-LA2";
				PRODUCT_NAME = "$(TARGET_NAME)";
				SWIFT_VERSION = 5.0;
				TARGETED_DEVICE_FAMILY = "1,2";
			};
			name = Debug;
		};
		F2E0D8DC23D4DFB4009B2ABF /* Release */ = {
			isa = XCBuildConfiguration;
			buildSettings = {
				ASSETCATALOG_COMPILER_APPICON_NAME = AppIcon;
				CODE_SIGN_STYLE = Automatic;
				INFOPLIST_FILE = Parth_C0766346_LA2/Info.plist;
				LD_RUNPATH_SEARCH_PATHS = (
					"$(inherited)",
					"@executable_path/Frameworks",
				);
				PRODUCT_BUNDLE_IDENTIFIER = "LCIN.Parth-C0766346-LA2";
				PRODUCT_NAME = "$(TARGET_NAME)";
				SWIFT_VERSION = 5.0;
				TARGETED_DEVICE_FAMILY = "1,2";
			};
			name = Release;
		};
/* End XCBuildConfiguration section */

/* Begin XCConfigurationList section */
		F2E0D8BE23D4DFB4009B2ABF /* Build configuration list for PBXProject "Parth_C0766346_LA2" */ = {
			isa = XCConfigurationList;
			buildConfigurations = (
				F2E0D8D823D4DFB4009B2ABF /* Debug */,
				F2E0D8D923D4DFB4009B2ABF /* Release */,
			);
			defaultConfigurationIsVisible = 0;
			defaultConfigurationName = Release;
		};
		F2E0D8DA23D4DFB4009B2ABF /* Build configuration list for PBXNativeTarget "Parth_C0766346_LA2" */ = {
			isa = XCConfigurationList;
			buildConfigurations = (
				F2E0D8DB23D4DFB4009B2ABF /* Debug */,
				F2E0D8DC23D4DFB4009B2ABF /* Release */,
			);
			defaultConfigurationIsVisible = 0;
			defaultConfigurationName = Release;
		};
/* End XCConfigurationList section */

/* Begin XCVersionGroup section */
		F2E0D8CF23D4DFB4009B2ABF /* Parth_C0766346_LA2.xcdatamodeld */ = {
			isa = XCVersionGroup;
			children = (
				F2E0D8D023D4DFB4009B2ABF /* Parth_C0766346_LA2.xcdatamodel */,
			);
			currentVersion = F2E0D8D023D4DFB4009B2ABF /* Parth_C0766346_LA2.xcdatamodel */;
			path = Parth_C0766346_LA2.xcdatamodeld;
			sourceTree = "<group>";
			versionGroupType = wrapper.xcdatamodel;
		};
/* End XCVersionGroup section */
	};
	rootObject = F2E0D8BB23D4DFB4009B2ABF /* Project object */;
}
